
Microsoft Visual Studio Solution File, Format Version 12.00
# Visual Studio Version 16
VisualStudioVersion = 16.0.29613.14
MinimumVisualStudioVersion = 10.0.40219.1
Project("{FAE04EC0-301F-11D3-BF4B-00C04F79EFBC}") = "RedBerylBookStore", "RedBerylBookStore\RedBerylBookStore.csproj", "{D3A774D6-AF9E-44DF-9170-E828D4B16213}"
EndProject
Project("{2150E333-8FDC-42A3-9474-1A3956D46DE8}") = "1 Deployment", "1 Deployment", "{ED811B69-1EB8-484A-89A2-51A2B01E275E}"
EndProject
Project("{2150E333-8FDC-42A3-9474-1A3956D46DE8}") = "2 Services", "2 Services", "{E27A2769-0AB4-4A50-B90E-80525719715E}"
EndProject
Project("{FAE04EC0-301F-11D3-BF4B-00C04F79EFBC}") = "RedBerylBookStore.Service", "RedBerylBookStore.Service\RedBerylBookStore.Service.csproj", "{5DF29C21-3B07-4506-9C8D-A51445FF49E4}"
EndProject
Project("{FAE04EC0-301F-11D3-BF4B-00C04F79EFBC}") = "RedBerylBookStore.ServiceModels", "RedBerylBookStore.ServiceModels\RedBerylBookStore.ServiceModels.csproj", "{F620FAE3-7730-4D8A-8EE3-D281C0640075}"
EndProject
Project("{2150E333-8FDC-42A3-9474-1A3956D46DE8}") = "3 DataServices", "3 DataServices", "{3EAB1D50-51B0-405E-AA26-D692143D1359}"
EndProject
Project("{FAE04EC0-301F-11D3-BF4B-00C04F79EFBC}") = "RedBerylBookStore.Data", "RedBerylBookStore.Data\RedBerylBookStore.Data.csproj", "{6E5A6289-1B6F-4D8A-81BB-C48AA4E975B2}"
EndProject
Project("{FAE04EC0-301F-11D3-BF4B-00C04F79EFBC}") = "RedBerylBookStore.DataModels", "RedBerylBookStore.DataModels\RedBerylBookStore.DataModels.csproj", "{DFF04BC9-526E-4F23-9C2E-7E54D912C1AF}"
EndProject
Project("{2150E333-8FDC-42A3-9474-1A3956D46DE8}") = "4 Shared", "4 Shared", "{D0BECA24-91D0-4129-923C-EF54728A04B1}"
EndProject
Project("{FAE04EC0-301F-11D3-BF4B-00C04F79EFBC}") = "RedBerylBookStore.Common", "RedBerylBookStore.Common\RedBerylBookStore.Common.csproj", "{9AADB57E-0F5B-412E-B23D-2FEC30F1C359}"
EndProject
Project("{FAE04EC0-301F-11D3-BF4B-00C04F79EFBC}") = "RedBerylBookStore.Shared", "RedBerylBookStore.Shared\RedBerylBookStore.Shared.csproj", "{1112872F-774D-4A52-B1BF-72F97F9476C4}"
EndProject
Global
	GlobalSection(SolutionConfigurationPlatforms) = preSolution
		Debug|Any CPU = Debug|Any CPU
		Release|Any CPU = Release|Any CPU
	EndGlobalSection
	GlobalSection(ProjectConfigurationPlatforms) = postSolution
		{D3A774D6-AF9E-44DF-9170-E828D4B16213}.Debug|Any CPU.ActiveCfg = Debug|Any CPU
		{D3A774D6-AF9E-44DF-9170-E828D4B16213}.Debug|Any CPU.Build.0 = Debug|Any CPU
		{D3A774D6-AF9E-44DF-9170-E828D4B16213}.Release|Any CPU.ActiveCfg = Release|Any CPU
		{D3A774D6-AF9E-44DF-9170-E828D4B16213}.Release|Any CPU.Build.0 = Release|Any CPU
		{5DF29C21-3B07-4506-9C8D-A51445FF49E4}.Debug|Any CPU.ActiveCfg = Debug|Any CPU
		{5DF29C21-3B07-4506-9C8D-A51445FF49E4}.Debug|Any CPU.Build.0 = Debug|Any CPU
		{5DF29C21-3B07-4506-9C8D-A51445FF49E4}.Release|Any CPU.ActiveCfg = Release|Any CPU
		{5DF29C21-3B07-4506-9C8D-A51445FF49E4}.Release|Any CPU.Build.0 = Release|Any CPU
		{F620FAE3-7730-4D8A-8EE3-D281C0640075}.Debug|Any CPU.ActiveCfg = Debug|Any CPU
		{F620FAE3-7730-4D8A-8EE3-D281C0640075}.Debug|Any CPU.Build.0 = Debug|Any CPU
		{F620FAE3-7730-4D8A-8EE3-D281C0640075}.Release|Any CPU.ActiveCfg = Release|Any CPU
		{F620FAE3-7730-4D8A-8EE3-D281C0640075}.Release|Any CPU.Build.0 = Release|Any CPU
		{6E5A6289-1B6F-4D8A-81BB-C48AA4E975B2}.Debug|Any CPU.ActiveCfg = Debug|Any CPU
		{6E5A6289-1B6F-4D8A-81BB-C48AA4E975B2}.Debug|Any CPU.Build.0 = Debug|Any CPU
		{6E5A6289-1B6F-4D8A-81BB-C48AA4E975B2}.Release|Any CPU.ActiveCfg = Release|Any CPU
		{6E5A6289-1B6F-4D8A-81BB-C48AA4E975B2}.Release|Any CPU.Build.0 = Release|Any CPU
		{DFF04BC9-526E-4F23-9C2E-7E54D912C1AF}.Debug|Any CPU.ActiveCfg = Debug|Any CPU
		{DFF04BC9-526E-4F23-9C2E-7E54D912C1AF}.Debug|Any CPU.Build.0 = Debug|Any CPU
		{DFF04BC9-526E-4F23-9C2E-7E54D912C1AF}.Release|Any CPU.ActiveCfg = Release|Any CPU
		{DFF04BC9-526E-4F23-9C2E-7E54D912C1AF}.Release|Any CPU.Build.0 = Release|Any CPU
		{9AADB57E-0F5B-412E-B23D-2FEC30F1C359}.Debug|Any CPU.ActiveCfg = Debug|Any CPU
		{9AADB57E-0F5B-412E-B23D-2FEC30F1C359}.Debug|Any CPU.Build.0 = Debug|Any CPU
		{9AADB57E-0F5B-412E-B23D-2FEC30F1C359}.Release|Any CPU.ActiveCfg = Release|Any CPU
		{9AADB57E-0F5B-412E-B23D-2FEC30F1C359}.Release|Any CPU.Build.0 = Release|Any CPU
		{1112872F-774D-4A52-B1BF-72F97F9476C4}.Debug|Any CPU.ActiveCfg = Debug|Any CPU
		{1112872F-774D-4A52-B1BF-72F97F9476C4}.Debug|Any CPU.Build.0 = Debug|Any CPU
		{1112872F-774D-4A52-B1BF-72F97F9476C4}.Release|Any CPU.ActiveCfg = Release|Any CPU
		{1112872F-774D-4A52-B1BF-72F97F9476C4}.Release|Any CPU.Build.0 = Release|Any CPU
	EndGlobalSection
	GlobalSection(SolutionProperties) = preSolution
		HideSolutionNode = FALSE
	EndGlobalSection
	GlobalSection(NestedProjects) = preSolution
		{D3A774D6-AF9E-44DF-9170-E828D4B16213} = {ED811B69-1EB8-484A-89A2-51A2B01E275E}
		{5DF29C21-3B07-4506-9C8D-A51445FF49E4} = {E27A2769-0AB4-4A50-B90E-80525719715E}
		{F620FAE3-7730-4D8A-8EE3-D281C0640075} = {E27A2769-0AB4-4A50-B90E-80525719715E}
		{6E5A6289-1B6F-4D8A-81BB-C48AA4E975B2} = {3EAB1D50-51B0-405E-AA26-D692143D1359}
		{DFF04BC9-526E-4F23-9C2E-7E54D912C1AF} = {3EAB1D50-51B0-405E-AA26-D692143D1359}
		{9AADB57E-0F5B-412E-B23D-2FEC30F1C359} = {D0BECA24-91D0-4129-923C-EF54728A04B1}
		{1112872F-774D-4A52-B1BF-72F97F9476C4} = {D0BECA24-91D0-4129-923C-EF54728A04B1}
	EndGlobalSection
	GlobalSection(ExtensibilityGlobals) = postSolution
		SolutionGuid = {C9B4929A-DF31-4475-A41E-F979FA4E6543}
	EndGlobalSection
EndGlobal
